{
  "version": 4,
  "terraform_version": "1.5.6",
  "serial": 21,
  "lineage": "16e9854c-f534-ddae-b3e4-40b99e9f4ac4",
  "outputs": {},
  "resources": [
    {
      "mode": "managed",
      "type": "azurerm_linux_virtual_machine",
      "name": "vmlnxbladexappsdev",
      "provider": "provider[\"registry.terraform.io/hashicorp/azurerm\"]",
      "instances": [
        {
          "schema_version": 0,
          "attributes": {
            "additional_capabilities": [],
            "admin_password": "B14d3x.4pp$",
            "admin_ssh_key": [],
            "admin_username": "adminuser",
            "allow_extension_operations": true,
            "availability_set_id": "",
            "boot_diagnostics": [],
            "bypass_platform_safety_checks_on_user_schedule_enabled": false,
            "capacity_reservation_group_id": "",
            "computer_name": "VM-BLADEXAPPS-DP-DEV-BE01-LNX",
            "custom_data": null,
            "dedicated_host_group_id": "",
            "dedicated_host_id": "",
            "disable_password_authentication": false,
            "edge_zone": "",
            "encryption_at_host_enabled": false,
            "eviction_policy": "",
            "extensions_time_budget": "PT1H30M",
            "gallery_application": [],
            "id": "/subscriptions/e4af9bfa-8734-4e67-8b9a-0a9243cd74a1/resourceGroups/UIO-RG-BLXAPPS-TE/providers/Microsoft.Compute/virtualMachines/VM-BLADEXAPPS-DP-DEV-BE01-LNX",
            "identity": [],
            "license_type": "",
            "location": "eastus",
            "max_bid_price": -1,
            "name": "VM-BLADEXAPPS-DP-DEV-BE01-LNX",
            "network_interface_ids": [
              "/subscriptions/e4af9bfa-8734-4e67-8b9a-0a9243cd74a1/resourceGroups/UIO-RG-BLXAPPS-TE/providers/Microsoft.Network/networkInterfaces/NIC-BLADEXAPPS-DP-DEV-BE01"
            ],
            "os_disk": [
              {
                "caching": "ReadWrite",
                "diff_disk_settings": [],
                "disk_encryption_set_id": "",
                "disk_size_gb": 30,
                "name": "VM-BLADEXAPPS-DP-DEV-BE01-LNX_OsDisk_1_16862621532d4c6199cb5668a6a7f1d6",
                "secure_vm_disk_encryption_set_id": "",
                "security_encryption_type": "",
                "storage_account_type": "Standard_LRS",
                "write_accelerator_enabled": false
              }
            ],
            "patch_assessment_mode": "ImageDefault",
            "patch_mode": "ImageDefault",
            "plan": [],
            "platform_fault_domain": -1,
            "priority": "Regular",
            "private_ip_address": "10.0.1.4",
            "private_ip_addresses": [
              "10.0.1.4"
            ],
            "provision_vm_agent": true,
            "proximity_placement_group_id": "",
            "public_ip_address": "",
            "public_ip_addresses": [],
            "reboot_setting": "",
            "resource_group_name": "UIO-RG-BLXAPPS-TE",
            "secret": [],
            "secure_boot_enabled": false,
            "size": "Standard_D2_v2",
            "source_image_id": "",
            "source_image_reference": [
              {
                "offer": "0001-com-ubuntu-server-focal",
                "publisher": "Canonical",
                "sku": "20_04-lts",
                "version": "latest"
              }
            ],
            "tags": {},
            "termination_notification": [],
            "timeouts": null,
            "user_data": "",
            "virtual_machine_id": "73640033-cd62-450b-a863-2ecfe99630e4",
            "virtual_machine_scale_set_id": "",
            "vtpm_enabled": false,
            "zone": ""
          },
          "sensitive_attributes": [],
          "private": "eyJlMmJmYjczMC1lY2FhLTExZTYtOGY4OC0zNDM2M2JjN2M0YzAiOnsiY3JlYXRlIjoyNzAwMDAwMDAwMDAwLCJkZWxldGUiOjI3MDAwMDAwMDAwMDAsInJlYWQiOjMwMDAwMDAwMDAwMCwidXBkYXRlIjoyNzAwMDAwMDAwMDAwfX0=",
          "dependencies": [
            "azurerm_network_interface.nicbladexappsdev",
            "azurerm_resource_group.rgbladexdappdev"
          ]
        }
      ]
    },
    {
      "mode": "managed",
      "type": "azurerm_network_interface",
      "name": "nicbladexappsdev",
      "provider": "provider[\"registry.terraform.io/hashicorp/azurerm\"]",
      "instances": [
        {
          "schema_version": 0,
          "attributes": {
            "applied_dns_servers": [],
            "auxiliary_mode": "",
            "auxiliary_sku": "",
            "dns_servers": [],
            "edge_zone": "",
            "enable_accelerated_networking": false,
            "enable_ip_forwarding": false,
            "id": "/subscriptions/e4af9bfa-8734-4e67-8b9a-0a9243cd74a1/resourceGroups/UIO-RG-BLXAPPS-TE/providers/Microsoft.Network/networkInterfaces/NIC-BLADEXAPPS-DP-DEV-BE01",
            "internal_dns_name_label": "",
            "internal_domain_name_suffix": "",
            "ip_configuration": [
              {
                "gateway_load_balancer_frontend_ip_configuration_id": "",
                "name": "internal",
                "primary": true,
                "private_ip_address": "10.0.1.4",
                "private_ip_address_allocation": "Dynamic",
                "private_ip_address_version": "IPv4",
                "public_ip_address_id": "",
                "subnet_id": "/subscriptions/e4af9bfa-8734-4e67-8b9a-0a9243cd74a1/resourceGroups/UIO-RG-BLXAPPS-TE/providers/Microsoft.Network/virtualNetworks/VN-BLADEXAPPS-DP-DEV/subnets/SUBN-BLADEXAPPS-DP-DEV"
              }
            ],
            "location": "eastus",
            "mac_address": "00-0D-3A-8F-BC-0B",
            "name": "NIC-BLADEXAPPS-DP-DEV-BE01",
            "private_ip_address": "10.0.1.4",
            "private_ip_addresses": [
              "10.0.1.4"
            ],
            "resource_group_name": "UIO-RG-BLXAPPS-TE",
            "tags": {},
            "timeouts": null,
            "virtual_machine_id": "/subscriptions/e4af9bfa-8734-4e67-8b9a-0a9243cd74a1/resourceGroups/UIO-RG-BLXAPPS-TE/providers/Microsoft.Compute/virtualMachines/VM-BLADEXAPPS-DP-DEV-BE01-LNX"
          },
          "sensitive_attributes": [],
          "private": "eyJlMmJmYjczMC1lY2FhLTExZTYtOGY4OC0zNDM2M2JjN2M0YzAiOnsiY3JlYXRlIjoxODAwMDAwMDAwMDAwLCJkZWxldGUiOjE4MDAwMDAwMDAwMDAsInJlYWQiOjMwMDAwMDAwMDAwMCwidXBkYXRlIjoxODAwMDAwMDAwMDAwfX0=",
          "dependencies": [
            "azurerm_resource_group.rgbladexdappdev",
            "azurerm_subnet.subnetbladexappdev",
            "azurerm_virtual_network.avnbladexappdev"
          ]
        }
      ]
    },
    {
      "mode": "managed",
      "type": "azurerm_network_interface",
      "name": "nicbladexappsfedev",
      "provider": "provider[\"registry.terraform.io/hashicorp/azurerm\"]",
      "instances": [
        {
          "schema_version": 0,
          "attributes": {
            "applied_dns_servers": [],
            "auxiliary_mode": "",
            "auxiliary_sku": "",
            "dns_servers": [],
            "edge_zone": "",
            "enable_accelerated_networking": false,
            "enable_ip_forwarding": false,
            "id": "/subscriptions/e4af9bfa-8734-4e67-8b9a-0a9243cd74a1/resourceGroups/UIO-RG-BLXAPPS-TE/providers/Microsoft.Network/networkInterfaces/NIC-BLADEXAPPS-DP-DEV-FE01",
            "internal_dns_name_label": "",
            "internal_domain_name_suffix": "l5n4nqaqsf1ebjfyrmcwt0rgvf.bx.internal.cloudapp.net",
            "ip_configuration": [
              {
                "gateway_load_balancer_frontend_ip_configuration_id": "",
                "name": "internal",
                "primary": true,
                "private_ip_address": "10.0.1.5",
                "private_ip_address_allocation": "Dynamic",
                "private_ip_address_version": "IPv4",
                "public_ip_address_id": "",
                "subnet_id": "/subscriptions/e4af9bfa-8734-4e67-8b9a-0a9243cd74a1/resourceGroups/UIO-RG-BLXAPPS-TE/providers/Microsoft.Network/virtualNetworks/VN-BLADEXAPPS-DP-DEV/subnets/SUBN-BLADEXAPPS-DP-DEV"
              }
            ],
            "location": "eastus",
            "mac_address": "",
            "name": "NIC-BLADEXAPPS-DP-DEV-FE01",
            "private_ip_address": "10.0.1.5",
            "private_ip_addresses": [
              "10.0.1.5"
            ],
            "resource_group_name": "UIO-RG-BLXAPPS-TE",
            "tags": {},
            "timeouts": null,
            "virtual_machine_id": ""
          },
          "sensitive_attributes": [],
          "private": "eyJlMmJmYjczMC1lY2FhLTExZTYtOGY4OC0zNDM2M2JjN2M0YzAiOnsiY3JlYXRlIjoxODAwMDAwMDAwMDAwLCJkZWxldGUiOjE4MDAwMDAwMDAwMDAsInJlYWQiOjMwMDAwMDAwMDAwMCwidXBkYXRlIjoxODAwMDAwMDAwMDAwfX0=",
          "dependencies": [
            "azurerm_resource_group.rgbladexdappdev",
            "azurerm_subnet.subnetbladexappdev",
            "azurerm_virtual_network.avnbladexappdev"
          ]
        }
      ]
    },
    {
      "mode": "managed",
      "type": "azurerm_resource_group",
      "name": "rgbladexdappdev",
      "provider": "provider[\"registry.terraform.io/hashicorp/azurerm\"]",
      "instances": [
        {
          "schema_version": 0,
          "attributes": {
            "id": "/subscriptions/e4af9bfa-8734-4e67-8b9a-0a9243cd74a1/resourceGroups/UIO-RG-BLXAPPS-TE",
            "location": "eastus",
            "managed_by": "",
            "name": "UIO-RG-BLXAPPS-TE",
            "tags": {},
            "timeouts": null
          },
          "sensitive_attributes": [],
          "private": "eyJlMmJmYjczMC1lY2FhLTExZTYtOGY4OC0zNDM2M2JjN2M0YzAiOnsiY3JlYXRlIjo1NDAwMDAwMDAwMDAwLCJkZWxldGUiOjU0MDAwMDAwMDAwMDAsInJlYWQiOjMwMDAwMDAwMDAwMCwidXBkYXRlIjo1NDAwMDAwMDAwMDAwfX0="
        }
      ]
    },
    {
      "mode": "managed",
      "type": "azurerm_subnet",
      "name": "subnetbladexappdev",
      "provider": "provider[\"registry.terraform.io/hashicorp/azurerm\"]",
      "instances": [
        {
          "schema_version": 0,
          "attributes": {
            "address_prefixes": [
              "10.0.1.0/24"
            ],
            "delegation": [],
            "enforce_private_link_endpoint_network_policies": false,
            "enforce_private_link_service_network_policies": false,
            "id": "/subscriptions/e4af9bfa-8734-4e67-8b9a-0a9243cd74a1/resourceGroups/UIO-RG-BLXAPPS-TE/providers/Microsoft.Network/virtualNetworks/VN-BLADEXAPPS-DP-DEV/subnets/SUBN-BLADEXAPPS-DP-DEV",
            "name": "SUBN-BLADEXAPPS-DP-DEV",
            "private_endpoint_network_policies_enabled": true,
            "private_link_service_network_policies_enabled": true,
            "resource_group_name": "UIO-RG-BLXAPPS-TE",
            "service_endpoint_policy_ids": [],
            "service_endpoints": [],
            "timeouts": null,
            "virtual_network_name": "VN-BLADEXAPPS-DP-DEV"
          },
          "sensitive_attributes": [],
          "private": "eyJlMmJmYjczMC1lY2FhLTExZTYtOGY4OC0zNDM2M2JjN2M0YzAiOnsiY3JlYXRlIjoxODAwMDAwMDAwMDAwLCJkZWxldGUiOjE4MDAwMDAwMDAwMDAsInJlYWQiOjMwMDAwMDAwMDAwMCwidXBkYXRlIjoxODAwMDAwMDAwMDAwfX0=",
          "dependencies": [
            "azurerm_resource_group.rgbladexdappdev",
            "azurerm_virtual_network.avnbladexappdev"
          ]
        }
      ]
    },
    {
      "mode": "managed",
      "type": "azurerm_virtual_network",
      "name": "avnbladexappdev",
      "provider": "provider[\"registry.terraform.io/hashicorp/azurerm\"]",
      "instances": [
        {
          "schema_version": 0,
          "attributes": {
            "address_space": [
              "10.0.0.0/16"
            ],
            "bgp_community": "",
            "ddos_protection_plan": [],
            "dns_servers": [],
            "edge_zone": "",
            "encryption": [],
            "flow_timeout_in_minutes": 0,
            "guid": "c0e6db5f-9110-4076-a4b8-8b0569ea26ad",
            "id": "/subscriptions/e4af9bfa-8734-4e67-8b9a-0a9243cd74a1/resourceGroups/UIO-RG-BLXAPPS-TE/providers/Microsoft.Network/virtualNetworks/VN-BLADEXAPPS-DP-DEV",
            "location": "eastus",
            "name": "VN-BLADEXAPPS-DP-DEV",
            "resource_group_name": "UIO-RG-BLXAPPS-TE",
            "subnet": [
              {
                "address_prefix": "10.0.1.0/24",
                "id": "/subscriptions/e4af9bfa-8734-4e67-8b9a-0a9243cd74a1/resourceGroups/UIO-RG-BLXAPPS-TE/providers/Microsoft.Network/virtualNetworks/VN-BLADEXAPPS-DP-DEV/subnets/SUBN-BLADEXAPPS-DP-DEV",
                "name": "SUBN-BLADEXAPPS-DP-DEV",
                "security_group": ""
              }
            ],
            "tags": {},
            "timeouts": null
          },
          "sensitive_attributes": [],
          "private": "eyJlMmJmYjczMC1lY2FhLTExZTYtOGY4OC0zNDM2M2JjN2M0YzAiOnsiY3JlYXRlIjoxODAwMDAwMDAwMDAwLCJkZWxldGUiOjE4MDAwMDAwMDAwMDAsInJlYWQiOjMwMDAwMDAwMDAwMCwidXBkYXRlIjoxODAwMDAwMDAwMDAwfX0=",
          "dependencies": [
            "azurerm_resource_group.rgbladexdappdev"
          ]
        }
      ]
    }
  ],
  "check_results": null
}
